{
  "name": "testwebsite",
  "version": "1.0.0",
  "lockfileVersion": 1,
  "requires": true,
  "dependencies": {
    "@sanity/cli": {
      "version": "2.7.4",
      "resolved": "https://registry.npmjs.org/@sanity/cli/-/cli-2.7.4.tgz",
      "integrity": "sha512-cQLyPdb1FRdOCn3qJK7nuQhOcDVtyX4WjNSe1Ywt1jINIYCrj1JW3YvUC4MHaUqwdBHwRQLnHwVwZHotunxhxg=="
    }
  }
}
